<?xml version="1.0" encoding="utf-8"?>
<Project ToolsVersion="4.0" xmlns="http://schemas.microsoft.com/developer/msbuild/2003">
  <ItemGroup>
    <Filter Include="ソース ファイル">
      <UniqueIdentifier>{4FC737F1-C7A5-4376-A066-2A32D752A2FF}</UniqueIdentifier>
      <Extensions>cpp;c;cc;cxx;def;odl;idl;hpj;bat;asm;asmx</Extensions>
    </Filter>
    <Filter Include="ヘッダー ファイル">
      <UniqueIdentifier>{93995380-89BD-4b04-88EB-625FBE52EBFB}</UniqueIdentifier>
      <Extensions>h;hh;hpp;hxx;hm;inl;inc;xsd</Extensions>
    </Filter>
    <Filter Include="リソース ファイル">
      <UniqueIdentifier>{67DA6AB6-F800-4c08-8B7A-83BB121AAD01}</UniqueIdentifier>
      <Extensions>rc;ico;cur;bmp;dlg;rc2;rct;bin;rgs;gif;jpg;jpeg;jpe;resx;tiff;tif;png;wav;mfcribbon-ms</Extensions>
    </Filter>
    <Filter Include="ソース ファイル\GLSL">
      <UniqueIdentifier>{26b95c90-1478-44d1-8cbd-1930664efe2e}</UniqueIdentifier>
    </Filter>
    <Filter Include="ソース ファイル\mesh">
      <UniqueIdentifier>{bf907a04-e761-4d00-956a-4c683035564d}</UniqueIdentifier>
    </Filter>
    <Filter Include="ソース ファイル\iomesh">
      <UniqueIdentifier>{c182b458-b0e3-4617-8deb-98190e71c360}</UniqueIdentifier>
    </Filter>
    <Filter Include="ソース ファイル\header">
      <UniqueIdentifier>{c771f99a-8675-49cb-8c4e-d99f9c819efa}</UniqueIdentifier>
    </Filter>
    <Filter Include="ソース ファイル\camera">
      <UniqueIdentifier>{3c3b47fd-853a-455a-9414-653562168463}</UniqueIdentifier>
    </Filter>
  </ItemGroup>
  <ItemGroup>
    <ClCompile Include="main.cpp">
      <Filter>ソース ファイル</Filter>
    </ClCompile>
    <ClCompile Include="glsl.cpp">
      <Filter>ソース ファイル\GLSL</Filter>
    </ClCompile>
    <ClCompile Include="mesh.cpp">
      <Filter>ソース ファイル\mesh</Filter>
    </ClCompile>
    <ClCompile Include="io_mesh.cpp">
      <Filter>ソース ファイル\iomesh</Filter>
    </ClCompile>
    <ClCompile Include="camera.cpp">
      <Filter>ソース ファイル\camera</Filter>
    </ClCompile>
    <ClCompile Include="mouse.cpp">
      <Filter>ソース ファイル</Filter>
    </ClCompile>
  </ItemGroup>
  <ItemGroup>
    <ClInclude Include="glsl.h">
      <Filter>ソース ファイル\GLSL</Filter>
    </ClInclude>
    <ClInclude Include="mesh.h">
      <Filter>ソース ファイル\mesh</Filter>
    </ClInclude>
    <ClInclude Include="io_mesh.h">
      <Filter>ソース ファイル\iomesh</Filter>
    </ClInclude>
    <ClInclude Include="common.h">
      <Filter>ヘッダー ファイル</Filter>
    </ClInclude>
    <ClInclude Include="math_header.h">
      <Filter>ソース ファイル\header</Filter>
    </ClInclude>
    <ClInclude Include="opengl_headers.h">
      <Filter>ソース ファイル\header</Filter>
    </ClInclude>
    <ClInclude Include="camera.h">
      <Filter>ソース ファイル\camera</Filter>
    </ClInclude>
    <ClInclude Include="window.h">
      <Filter>ヘッダー ファイル</Filter>
    </ClInclude>
  </ItemGroup>
</Project>